
Microsoft Visual Studio Solution File, Format Version 12.00
# Visual Studio Version 16
VisualStudioVersion = 25.0.1704.5
MinimumVisualStudioVersion = 10.0.40219.1
Project("{FAE04EC0-301F-11D3-BF4B-00C04F79EFBC}") = "lostborn-web-API", "lostborn-web-API\lostborn-web-API.csproj", "{3F3BD453-54E8-444E-9FE9-F13660AD60C8}"
EndProject
Global
	GlobalSection(SolutionConfigurationPlatforms) = preSolution
		Debug|Any CPU = Debug|Any CPU
		Release|Any CPU = Release|Any CPU
	EndGlobalSection
	GlobalSection(ProjectConfigurationPlatforms) = postSolution
		{3F3BD453-54E8-444E-9FE9-F13660AD60C8}.Debug|Any CPU.ActiveCfg = Debug|Any CPU
		{3F3BD453-54E8-444E-9FE9-F13660AD60C8}.Debug|Any CPU.Build.0 = Debug|Any CPU
		{3F3BD453-54E8-444E-9FE9-F13660AD60C8}.Release|Any CPU.ActiveCfg = Release|Any CPU
		{3F3BD453-54E8-444E-9FE9-F13660AD60C8}.Release|Any CPU.Build.0 = Release|Any CPU
	EndGlobalSection
	GlobalSection(SolutionProperties) = preSolution
		HideSolutionNode = FALSE
	EndGlobalSection
	GlobalSection(ExtensibilityGlobals) = postSolution
		SolutionGuid = {76C70E6A-599B-4258-9E81-BAA1AB26E988}
	EndGlobalSection
EndGlobal
